post:
  tags:
    - identities
  summary: Locks one or more identities.
  description: Locks one or more identities. Identities MUST reset their password
    in order to be unlocked.
  operationId: lockIdentities
  requestBody:
    description: Array of one or more IDs.
    required: true
    content:
      application/json:
        schema:
          type: array
          items:
            type: string
  responses:
    '200':
      description: List of locked identities.
      content:
        application/json:
          schema:
            "$ref": "../../../responses/v2/MultiStatusObject.yaml"
    '207':
      description: List of Success, Map of Failed with messages
      content:
        application/json:
          schema:
            "$ref": "../../../responses/v2/MultiStatusObject.yaml"
    '500':
      description: Failed.
